
Microsoft Visual Studio Solution File, Format Version 12.00
# Visual Studio Version 16
VisualStudioVersion = 16.0.35731.53
MinimumVisualStudioVersion = 10.0.40219.1
Project("{FAE04EC0-301F-11D3-BF4B-00C04F79EFBC}") = "TodoApi", "TodoApi.csproj", "{1A80D8EB-0D0C-4DC9-944E-D2529806FCFE}"
EndProject
Global
	GlobalSection(SolutionConfigurationPlatforms) = preSolution
		Debug|Any CPU = Debug|Any CPU
		Release|Any CPU = Release|Any CPU
	EndGlobalSection
	GlobalSection(ProjectConfigurationPlatforms) = postSolution
		{1A80D8EB-0D0C-4DC9-944E-D2529806FCFE}.Debug|Any CPU.ActiveCfg = Debug|Any CPU
		{1A80D8EB-0D0C-4DC9-944E-D2529806FCFE}.Debug|Any CPU.Build.0 = Debug|Any CPU
		{1A80D8EB-0D0C-4DC9-944E-D2529806FCFE}.Release|Any CPU.ActiveCfg = Release|Any CPU
		{1A80D8EB-0D0C-4DC9-944E-D2529806FCFE}.Release|Any CPU.Build.0 = Release|Any CPU
	EndGlobalSection
	GlobalSection(SolutionProperties) = preSolution
		HideSolutionNode = FALSE
	EndGlobalSection
	GlobalSection(ExtensibilityGlobals) = postSolution
		SolutionGuid = {2BBEA4C5-9962-43ED-ADCA-C7401E09B272}
	EndGlobalSection
EndGlobal
